{
  "nodes": {
    "disko": {
      "inputs": {
        "nixpkgs": [
          "nixpkgs"
        ]
      },
      "locked": {
        "lastModified": 1789770686,
        "narHash": "sha256-uZkBR7yHdIKUFB5SZdfgh1qkGfI3XmYmI/lTiquxbck=",
        "owner": "nix-community",
        "repo": "disko",
        "rev": "725ea35e410ad83be4931d1bff7e090eacaf3563",
        "type": "github"
      },
      "original": {
        "owner": "nix-community",
        "repo": "disko",
        "type": "github"
      }
    },
    "dotfiles": {
      "flake": false,
      "locked": {
        "lastModified": 1790807912,
        "narHash": "sha256-ZeE8cGVQDVfpqu8qohFKb8LvhxcgafgZYDWzuRkAzt0=",
        "owner": "DavidutzDev",
        "repo": "dotfiles",
        "rev": "af699b3c8a3b8dcc08e9c4057b2f2bbd7bbb3840",
        "type": "github"
      },
      "original": {
        "owner": "DavidutzDev",
        "repo": "dotfiles",
        "type": "github"
      }
    },
    "firefox-addons": {
      "inputs": {
        "nixpkgs": [
          "nixpkgs"
        ]
      },
      "locked": {
        "dir": "pkgs/firefox-addons",
        "lastModified": 1790827361,
        "narHash": "sha256-cwzrNDxP3JWVNozUeCHoRf3boUAWh3MhVk1cR335oZU=",
        "owner": "rycee",
        "repo": "nur-expressions",
        "rev": "0c432f881aec4024a22759c00a783efd8bbc957c",
        "type": "gitlab"
      },
      "original": {
        "dir": "pkgs/firefox-addons",
        "owner": "rycee",
        "repo": "nur-expressions",
        "type": "gitlab"
      }
    },
    "flake-parts": {
      "inputs": {
        "nixpkgs-lib": "nixpkgs-lib"
      },
      "locked": {
        "lastModified": 1788450739,
        "narHash": "sha256-glZLQlzIn1fXH6PazR2iUmTo7kzzyYSshrWhLS9TqCU=",
        "owner": "hercules-ci",
        "repo": "flake-parts",
        "rev": "31729ca8cbdb4fa927b34e5f4353e6a83f39e993",
        "type": "github"
      },
      "original": {
        "owner": "hercules-ci",
        "repo": "flake-parts",
        "type": "github"
      }
    },
    "home-manager": {
      "inputs": {
        "nixpkgs": [
          "nixpkgs"
        ]
      },
      "locked": {
        "lastModified": 1790365885,
        "narHash": "sha256-iQ0ebhiVo64NktTnwft9hNxlFu4j5cvljVxyJaEVIP4=",
        "owner": "nix-community",
        "repo": "home-manager",
        "rev": "7b4c5ec4bedaf1e062bbc1bcaeddbc6bd242aa1b",
        "type": "github"
      },
      "original": {
        "owner": "nix-community",
        "repo": "home-manager",
        "type": "github"
      }
    },
    "import-tree": {
      "locked": {
        "lastModified": 1788467110,
        "narHash": "sha256-ljEMTXP/rH0tOvDzc9gzwww6KcHRPRnEHzd9lK48V7s=",
        "owner": "denful",
        "repo": "import-tree",
        "rev": "eb1b52eaecc57f7c136d07ae8a93e724dfecac46",
        "type": "github"
      },
      "original": {
        "owner": "denful",
        "repo": "import-tree",
        "type": "github"
      }
    },
    "nixpkgs": {
      "locked": {
        "lastModified": 1790323409,
        "narHash": "sha256-VVTPf+Hyd5ebpjBMHmrLMSBIeW6ls48Bqtosj7CNKLA=",
        "owner": "nixos",
        "repo": "nixpkgs",
        "rev": "e94cb152ed51bd6e24eb4a41f1460252beb52cd2",
        "type": "github"
      },
      "original": {
        "owner": "nixos",
        "ref": "nixos-unstable",
        "repo": "nixpkgs",
        "type": "github"
      }
    },
    "nixpkgs-lib": {
      "locked": {
        "lastModified": 1788057806,
        "narHash": "sha256-DTQSMxzDWmT0zhguthvegnVkn7CFqGCv4IHCzk5ZUpM=",
        "owner": "nix-community",
        "repo": "nixpkgs.lib",
        "rev": "596e2e3940e09b2abbeb03f75fa1828c57fcd72c",
        "type": "github"
      },
      "original": {
        "owner": "nix-community",
        "repo": "nixpkgs.lib",
        "type": "github"
      }
    },
    "preservation": {
      "locked": {
        "lastModified": 1757436102,
        "narHash": "sha256-mMI9IanU+Xw+pVogD2oT0I2kTmvz2Un/Apc5+CwUpEY=",
        "owner": "nix-community",
        "repo": "preservation",
        "rev": "93416f4614ad2dfed5b0dcf12f27e57d27a5ab11",
        "type": "github"
      },
      "original": {
        "owner": "nix-community",
        "repo": "preservation",
        "type": "github"
      }
    },
    "root": {
      "inputs": {
        "disko": "disko",
        "dotfiles": "dotfiles",
        "firefox-addons": "firefox-addons",
        "flake-parts": "flake-parts",
        "home-manager": "home-manager",
        "import-tree": "import-tree",
        "nixpkgs": "nixpkgs",
        "preservation": "preservation",
        "zen-browser": "zen-browser"
      }
    },
    "zen-browser": {
      "inputs": {
        "home-manager": [
          "home-manager"
        ],
        "nixpkgs": [
          "nixpkgs"
        ]
      },
      "locked": {
        "lastModified": 1790843055,
        "narHash": "sha256-rTDYMyiKgVNiL7sAc2LMr7zw3n3eC5YR+IGblzDdQQk=",
        "owner": "0xc000022070",
        "repo": "zen-browser-flake",
        "rev": "a2cb59515204ebe895f73cce387b811a78b3c032",
        "type": "github"
      },
      "original": {
        "owner": "0xc000022070",
        "repo": "zen-browser-flake",
        "type": "github"
      }
    }
  },
  "root": "root",
  "version": 7
}
